hash: 09b35c36bf3c2914942ed76bdf19762ad3f600745a627f00564e9e52562a086d
updated: 2017-08-01T15:47:00.872735342+02:00
imports:
- name: github.com/russross/blackfriday
  version: 0b647d0506a698cca42caca173e55559b12a69f2
- name: github.com/shurcooL/sanitized_anchor_name
  version: 541ff5ee47f1dddf6a5281af78307d921524bcb5
testImports: []
